
Microsoft Visual Studio Solution File, Format Version 12.00
# Visual Studio Version 17
VisualStudioVersion = 17.1.31911.260
MinimumVisualStudioVersion = 10.0.40219.1
Project("{FAE04EC0-301F-11D3-BF4B-00C04F79EFBC}") = "DataAccess", "DataAccess\DataAccess.csproj", "{D277EC89-1591-4F08-91D6-2B31C5D2728E}"
EndProject
Project("{FAE04EC0-301F-11D3-BF4B-00C04F79EFBC}") = "Entities", "Entities\Entities.csproj", "{A880E1C4-10C0-4787-91A2-EC59ED36E3A3}"
EndProject
Project("{FAE04EC0-301F-11D3-BF4B-00C04F79EFBC}") = "ConsoleUI", "ConsoleUI\ConsoleUI.csproj", "{71CE44D0-00D1-4E7B-9BEF-786BA47364FC}"
EndProject
Project("{FAE04EC0-301F-11D3-BF4B-00C04F79EFBC}") = "Business", "Business\Business.csproj", "{DF781F1E-9CFF-4546-9BEC-3CD9D6913B33}"
EndProject
Global
	GlobalSection(SolutionConfigurationPlatforms) = preSolution
		Debug|Any CPU = Debug|Any CPU
		Release|Any CPU = Release|Any CPU
	EndGlobalSection
	GlobalSection(ProjectConfigurationPlatforms) = postSolution
		{D277EC89-1591-4F08-91D6-2B31C5D2728E}.Debug|Any CPU.ActiveCfg = Debug|Any CPU
		{D277EC89-1591-4F08-91D6-2B31C5D2728E}.Debug|Any CPU.Build.0 = Debug|Any CPU
		{D277EC89-1591-4F08-91D6-2B31C5D2728E}.Release|Any CPU.ActiveCfg = Release|Any CPU
		{D277EC89-1591-4F08-91D6-2B31C5D2728E}.Release|Any CPU.Build.0 = Release|Any CPU
		{A880E1C4-10C0-4787-91A2-EC59ED36E3A3}.Debug|Any CPU.ActiveCfg = Debug|Any CPU
		{A880E1C4-10C0-4787-91A2-EC59ED36E3A3}.Debug|Any CPU.Build.0 = Debug|Any CPU
		{A880E1C4-10C0-4787-91A2-EC59ED36E3A3}.Release|Any CPU.ActiveCfg = Release|Any CPU
		{A880E1C4-10C0-4787-91A2-EC59ED36E3A3}.Release|Any CPU.Build.0 = Release|Any CPU
		{71CE44D0-00D1-4E7B-9BEF-786BA47364FC}.Debug|Any CPU.ActiveCfg = Debug|Any CPU
		{71CE44D0-00D1-4E7B-9BEF-786BA47364FC}.Debug|Any CPU.Build.0 = Debug|Any CPU
		{71CE44D0-00D1-4E7B-9BEF-786BA47364FC}.Release|Any CPU.ActiveCfg = Release|Any CPU
		{71CE44D0-00D1-4E7B-9BEF-786BA47364FC}.Release|Any CPU.Build.0 = Release|Any CPU
		{DF781F1E-9CFF-4546-9BEC-3CD9D6913B33}.Debug|Any CPU.ActiveCfg = Debug|Any CPU
		{DF781F1E-9CFF-4546-9BEC-3CD9D6913B33}.Debug|Any CPU.Build.0 = Debug|Any CPU
		{DF781F1E-9CFF-4546-9BEC-3CD9D6913B33}.Release|Any CPU.ActiveCfg = Release|Any CPU
		{DF781F1E-9CFF-4546-9BEC-3CD9D6913B33}.Release|Any CPU.Build.0 = Release|Any CPU
	EndGlobalSection
	GlobalSection(SolutionProperties) = preSolution
		HideSolutionNode = FALSE
	EndGlobalSection
	GlobalSection(ExtensibilityGlobals) = postSolution
		SolutionGuid = {00657820-CDEC-43F3-AA50-539483FA0216}
	EndGlobalSection
EndGlobal
